// !$*UTF8*$!
{
	archiveVersion = 1;
	classes = {
	};
	objectVersion = 48;
	objects = {

/* Begin PBXBuildFile section */
		3F71A59720A02FB000D05FE0 /* AppDelegate.swift in Sources */ = {isa = PBXBuildFile; fileRef = 3F71A59620A02FB000D05FE0 /* AppDelegate.swift */; };
		3F71A59920A02FB000D05FE0 /* ViewController.swift in Sources */ = {isa = PBXBuildFile; fileRef = 3F71A59820A02FB000D05FE0 /* ViewController.swift */; };
		3F71A59C20A02FB000D05FE0 /* Main.storyboard in Resources */ = {isa = PBXBuildFile; fileRef = 3F71A59A20A02FB000D05FE0 /* Main.storyboard */; };
		3F71A59E20A02FB000D05FE0 /* Assets.xcassets in Resources */ = {isa = PBXBuildFile; fileRef = 3F71A59D20A02FB000D05FE0 /* Assets.xcassets */; };
		3F71A5A120A02FB000D05FE0 /* LaunchScreen.storyboard in Resources */ = {isa = PBXBuildFile; fileRef = 3F71A59F20A02FB000D05FE0 /* LaunchScreen.storyboard */; };
		3F71A5AC20A02FB100D05FE0 /* MobileAppsIOSWerkstukTests.swift in Sources */ = {isa = PBXBuildFile; fileRef = 3F71A5AB20A02FB100D05FE0 /* MobileAppsIOSWerkstukTests.swift */; };
		3F71A5B720A02FB100D05FE0 /* MobileAppsIOSWerkstukUITests.swift in Sources */ = {isa = PBXBuildFile; fileRef = 3F71A5B620A02FB100D05FE0 /* MobileAppsIOSWerkstukUITests.swift */; };
		3F71A5C520A02FF000D05FE0 /* Adress.swift in Sources */ = {isa = PBXBuildFile; fileRef = 3F71A5C420A02FF000D05FE0 /* Adress.swift */; };
		3F71A5C720A0357E00D05FE0 /* Persoon.swift in Sources */ = {isa = PBXBuildFile; fileRef = 3F71A5C620A0357E00D05FE0 /* Persoon.swift */; };
/* End PBXBuildFile section */

/* Begin PBXContainerItemProxy section */
		3F71A5A820A02FB100D05FE0 /* PBXContainerItemProxy */ = {
			isa = PBXContainerItemProxy;
			containerPortal = 3F71A58B20A02FB000D05FE0 /* Project object */;
			proxyType = 1;
			remoteGlobalIDString = 3F71A59220A02FB000D05FE0;
			remoteInfo = MobileAppsIOSWerkstuk;
		};
		3F71A5B320A02FB100D05FE0 /* PBXContainerItemProxy */ = {
			isa = PBXContainerItemProxy;
			containerPortal = 3F71A58B20A02FB000D05FE0 /* Project object */;
			proxyType = 1;
			remoteGlobalIDString = 3F71A59220A02FB000D05FE0;
			remoteInfo = MobileAppsIOSWerkstuk;
		};
/* End PBXContainerItemProxy section */

/* Begin PBXFileReference section */
		3F71A59320A02FB000D05FE0 /* MobileAppsIOSWerkstuk.app */ = {isa = PBXFileReference; explicitFileType = wrapper.application; includeInIndex = 0; path = MobileAppsIOSWerkstuk.app; sourceTree = BUILT_PRODUCTS_DIR; };
		3F71A59620A02FB000D05FE0 /* AppDelegate.swift */ = {isa = PBXFileReference; lastKnownFileType = sourcecode.swift; path = AppDelegate.swift; sourceTree = "<group>"; };
		3F71A59820A02FB000D05FE0 /* ViewController.swift */ = {isa = PBXFileReference; lastKnownFileType = sourcecode.swift; path = ViewController.swift; sourceTree = "<group>"; };
		3F71A59B20A02FB000D05FE0 /* Base */ = {isa = PBXFileReference; lastKnownFileType = file.storyboard; name = Base; path = Base.lproj/Main.storyboard; sourceTree = "<group>"; };
		3F71A59D20A02FB000D05FE0 /* Assets.xcassets */ = {isa = PBXFileReference; lastKnownFileType = folder.assetcatalog; path = Assets.xcassets; sourceTree = "<group>"; };
		3F71A5A020A02FB000D05FE0 /* Base */ = {isa = PBXFileReference; lastKnownFileType = file.storyboard; name = Base; path = Base.lproj/LaunchScreen.storyboard; sourceTree = "<group>"; };
		3F71A5A220A02FB000D05FE0 /* Info.plist */ = {isa = PBXFileReference; lastKnownFileType = text.plist.xml; path = Info.plist; sourceTree = "<group>"; };
		3F71A5A720A02FB100D05FE0 /* MobileAppsIOSWerkstukTests.xctest */ = {isa = PBXFileReference; explicitFileType = wrapper.cfbundle; includeInIndex = 0; path = MobileAppsIOSWerkstukTests.xctest; sourceTree = BUILT_PRODUCTS_DIR; };
		3F71A5AB20A02FB100D05FE0 /* MobileAppsIOSWerkstukTests.swift */ = {isa = PBXFileReference; lastKnownFileType = sourcecode.swift; path = MobileAppsIOSWerkstukTests.swift; sourceTree = "<group>"; };
		3F71A5AD20A02FB100D05FE0 /* Info.plist */ = {isa = PBXFileReference; lastKnownFileType = text.plist.xml; path = Info.plist; sourceTree = "<group>"; };
		3F71A5B220A02FB100D05FE0 /* MobileAppsIOSWerkstukUITests.xctest */ = {isa = PBXFileReference; explicitFileType = wrapper.cfbundle; includeInIndex = 0; path = MobileAppsIOSWerkstukUITests.xctest; sourceTree = BUILT_PRODUCTS_DIR; };
		3F71A5B620A02FB100D05FE0 /* MobileAppsIOSWerkstukUITests.swift */ = {isa = PBXFileReference; lastKnownFileType = sourcecode.swift; path = MobileAppsIOSWerkstukUITests.swift; sourceTree = "<group>"; };
		3F71A5B820A02FB100D05FE0 /* Info.plist */ = {isa = PBXFileReference; lastKnownFileType = text.plist.xml; path = Info.plist; sourceTree = "<group>"; };
		3F71A5C420A02FF000D05FE0 /* Adress.swift */ = {isa = PBXFileReference; lastKnownFileType = sourcecode.swift; path = Adress.swift; sourceTree = "<group>"; };
		3F71A5C620A0357E00D05FE0 /* Persoon.swift */ = {isa = PBXFileReference; lastKnownFileType = sourcecode.swift; path = Persoon.swift; sourceTree = "<group>"; };
/* End PBXFileReference section */

/* Begin PBXFrameworksBuildPhase section */
		3F71A59020A02FB000D05FE0 /* Frameworks */ = {
			isa = PBXFrameworksBuildPhase;
			buildActionMask = 2147483647;
			files = (
			);
			runOnlyForDeploymentPostprocessing = 0;
		};
		3F71A5A420A02FB100D05FE0 /* Frameworks */ = {
			isa = PBXFrameworksBuildPhase;
			buildActionMask = 2147483647;
			files = (
			);
			runOnlyForDeploymentPostprocessing = 0;
		};
		3F71A5AF20A02FB100D05FE0 /* Frameworks */ = {
			isa = PBXFrameworksBuildPhase;
			buildActionMask = 2147483647;
			files = (
			);
			runOnlyForDeploymentPostprocessing = 0;
		};
/* End PBXFrameworksBuildPhase section */

/* Begin PBXGroup section */
		3F71A58A20A02FB000D05FE0 = {
			isa = PBXGroup;
			children = (
				3F71A59520A02FB000D05FE0 /* MobileAppsIOSWerkstuk */,
				3F71A5AA20A02FB100D05FE0 /* MobileAppsIOSWerkstukTests */,
				3F71A5B520A02FB100D05FE0 /* MobileAppsIOSWerkstukUITests */,
				3F71A59420A02FB000D05FE0 /* Products */,
			);
			sourceTree = "<group>";
		};
		3F71A59420A02FB000D05FE0 /* Products */ = {
			isa = PBXGroup;
			children = (
				3F71A59320A02FB000D05FE0 /* MobileAppsIOSWerkstuk.app */,
				3F71A5A720A02FB100D05FE0 /* MobileAppsIOSWerkstukTests.xctest */,
				3F71A5B220A02FB100D05FE0 /* MobileAppsIOSWerkstukUITests.xctest */,
			);
			name = Products;
			sourceTree = "<group>";
		};
		3F71A59520A02FB000D05FE0 /* MobileAppsIOSWerkstuk */ = {
			isa = PBXGroup;
			children = (
				3F71A59620A02FB000D05FE0 /* AppDelegate.swift */,
				3F71A59820A02FB000D05FE0 /* ViewController.swift */,
				3F71A59A20A02FB000D05FE0 /* Main.storyboard */,
				3F71A59D20A02FB000D05FE0 /* Assets.xcassets */,
				3F71A59F20A02FB000D05FE0 /* LaunchScreen.storyboard */,
				3F71A5A220A02FB000D05FE0 /* Info.plist */,
				3F71A5C420A02FF000D05FE0 /* Adress.swift */,
				3F71A5C620A0357E00D05FE0 /* Persoon.swift */,
			);
			path = MobileAppsIOSWerkstuk;
			sourceTree = "<group>";
		};
		3F71A5AA20A02FB100D05FE0 /* MobileAppsIOSWerkstukTests */ = {
			isa = PBXGroup;
			children = (
				3F71A5AB20A02FB100D05FE0 /* MobileAppsIOSWerkstukTests.swift */,
				3F71A5AD20A02FB100D05FE0 /* Info.plist */,
			);
			path = MobileAppsIOSWerkstukTests;
			sourceTree = "<group>";
		};
		3F71A5B520A02FB100D05FE0 /* MobileAppsIOSWerkstukUITests */ = {
			isa = PBXGroup;
			children = (
				3F71A5B620A02FB100D05FE0 /* MobileAppsIOSWerkstukUITests.swift */,
				3F71A5B820A02FB100D05FE0 /* Info.plist */,
			);
			path = MobileAppsIOSWerkstukUITests;
			sourceTree = "<group>";
		};
/* End PBXGroup section */

/* Begin PBXNativeTarget section */
		3F71A59220A02FB000D05FE0 /* MobileAppsIOSWerkstuk */ = {
			isa = PBXNativeTarget;
			buildConfigurationList = 3F71A5BB20A02FB100D05FE0 /* Build configuration list for PBXNativeTarget "MobileAppsIOSWerkstuk" */;
			buildPhases = (
				3F71A58F20A02FB000D05FE0 /* Sources */,
				3F71A59020A02FB000D05FE0 /* Frameworks */,
				3F71A59120A02FB000D05FE0 /* Resources */,
			);
			buildRules = (
			);
			dependencies = (
			);
			name = MobileAppsIOSWerkstuk;
			productName = MobileAppsIOSWerkstuk;
			productReference = 3F71A59320A02FB000D05FE0 /* MobileAppsIOSWerkstuk.app */;
			productType = "com.apple.product-type.application";
		};
		3F71A5A620A02FB100D05FE0 /* MobileAppsIOSWerkstukTests */ = {
			isa = PBXNativeTarget;
			buildConfigurationList = 3F71A5BE20A02FB100D05FE0 /* Build configuration list for PBXNativeTarget "MobileAppsIOSWerkstukTests" */;
			buildPhases = (
				3F71A5A320A02FB100D05FE0 /* Sources */,
				3F71A5A420A02FB100D05FE0 /* Frameworks */,
				3F71A5A520A02FB100D05FE0 /* Resources */,
			);
			buildRules = (
			);
			dependencies = (
				3F71A5A920A02FB100D05FE0 /* PBXTargetDependency */,
			);
			name = MobileAppsIOSWerkstukTests;
			productName = MobileAppsIOSWerkstukTests;
			productReference = 3F71A5A720A02FB100D05FE0 /* MobileAppsIOSWerkstukTests.xctest */;
			productType = "com.apple.product-type.bundle.unit-test";
		};
		3F71A5B120A02FB100D05FE0 /* MobileAppsIOSWerkstukUITests */ = {
			isa = PBXNativeTarget;
			buildConfigurationList = 3F71A5C120A02FB100D05FE0 /* Build configuration list for PBXNativeTarget "MobileAppsIOSWerkstukUITests" */;
			buildPhases = (
				3F71A5AE20A02FB100D05FE0 /* Sources */,
				3F71A5AF20A02FB100D05FE0 /* Frameworks */,
				3F71A5B020A02FB100D05FE0 /* Resources */,
			);
			buildRules = (
			);
			dependencies = (
				3F71A5B420A02FB100D05FE0 /* PBXTargetDependency */,
			);
			name = MobileAppsIOSWerkstukUITests;
			productName = MobileAppsIOSWerkstukUITests;
			productReference = 3F71A5B220A02FB100D05FE0 /* MobileAppsIOSWerkstukUITests.xctest */;
			productType = "com.apple.product-type.bundle.ui-testing";
		};
/* End PBXNativeTarget section */

/* Begin PBXProject section */
		3F71A58B20A02FB000D05FE0 /* Project object */ = {
			isa = PBXProject;
			attributes = {
				LastSwiftUpdateCheck = 0920;
				LastUpgradeCheck = 0920;
				ORGANIZATIONNAME = EHB;
				TargetAttributes = {
					3F71A59220A02FB000D05FE0 = {
						CreatedOnToolsVersion = 9.2;
						ProvisioningStyle = Automatic;
					};
					3F71A5A620A02FB100D05FE0 = {
						CreatedOnToolsVersion = 9.2;
						ProvisioningStyle = Automatic;
						TestTargetID = 3F71A59220A02FB000D05FE0;
					};
					3F71A5B120A02FB100D05FE0 = {
						CreatedOnToolsVersion = 9.2;
						ProvisioningStyle = Automatic;
						TestTargetID = 3F71A59220A02FB000D05FE0;
					};
				};
			};
			buildConfigurationList = 3F71A58E20A02FB000D05FE0 /* Build configuration list for PBXProject "MobileAppsIOSWerkstuk" */;
			compatibilityVersion = "Xcode 8.0";
			developmentRegion = en;
			hasScannedForEncodings = 0;
			knownRegions = (
				en,
				Base,
			);
			mainGroup = 3F71A58A20A02FB000D05FE0;
			productRefGroup = 3F71A59420A02FB000D05FE0 /* Products */;
			projectDirPath = "";
			projectRoot = "";
			targets = (
				3F71A59220A02FB000D05FE0 /* MobileAppsIOSWerkstuk */,
				3F71A5A620A02FB100D05FE0 /* MobileAppsIOSWerkstukTests */,
				3F71A5B120A02FB100D05FE0 /* MobileAppsIOSWerkstukUITests */,
			);
		};
/* End PBXProject section */

/* Begin PBXResourcesBuildPhase section */
		3F71A59120A02FB000D05FE0 /* Resources */ = {
			isa = PBXResourcesBuildPhase;
			buildActionMask = 2147483647;
			files = (
				3F71A5A120A02FB000D05FE0 /* LaunchScreen.storyboard in Resources */,
				3F71A59E20A02FB000D05FE0 /* Assets.xcassets in Resources */,
				3F71A59C20A02FB000D05FE0 /* Main.storyboard in Resources */,
			);
			runOnlyForDeploymentPostprocessing = 0;
		};
		3F71A5A520A02FB100D05FE0 /* Resources */ = {
			isa = PBXResourcesBuildPhase;
			buildActionMask = 2147483647;
			files = (
			);
			runOnlyForDeploymentPostprocessing = 0;
		};
		3F71A5B020A02FB100D05FE0 /* Resources */ = {
			isa = PBXResourcesBuildPhase;
			buildActionMask = 2147483647;
			files = (
			);
			runOnlyForDeploymentPostprocessing = 0;
		};
/* End PBXResourcesBuildPhase section */

/* Begin PBXSourcesBuildPhase section */
		3F71A58F20A02FB000D05FE0 /* Sources */ = {
			isa = PBXSourcesBuildPhase;
			buildActionMask = 2147483647;
			files = (
				3F71A59920A02FB000D05FE0 /* ViewController.swift in Sources */,
				3F71A59720A02FB000D05FE0 /* AppDelegate.swift in Sources */,
				3F71A5C720A0357E00D05FE0 /* Persoon.swift in Sources */,
				3F71A5C520A02FF000D05FE0 /* Adress.swift in Sources */,
			);
			runOnlyForDeploymentPostprocessing = 0;
		};
		3F71A5A320A02FB100D05FE0 /* Sources */ = {
			isa = PBXSourcesBuildPhase;
			buildActionMask = 2147483647;
			files = (
				3F71A5AC20A02FB100D05FE0 /* MobileAppsIOSWerkstukTests.swift in Sources */,
			);
			runOnlyForDeploymentPostprocessing = 0;
		};
		3F71A5AE20A02FB100D05FE0 /* Sources */ = {
			isa = PBXSourcesBuildPhase;
			buildActionMask = 2147483647;
			files = (
				3F71A5B720A02FB100D05FE0 /* MobileAppsIOSWerkstukUITests.swift in Sources */,
			);
			runOnlyForDeploymentPostprocessing = 0;
		};
/* End PBXSourcesBuildPhase section */

/* Begin PBXTargetDependency section */
		3F71A5A920A02FB100D05FE0 /* PBXTargetDependency */ = {
			isa = PBXTargetDependency;
			target = 3F71A59220A02FB000D05FE0 /* MobileAppsIOSWerkstuk */;
			targetProxy = 3F71A5A820A02FB100D05FE0 /* PBXContainerItemProxy */;
		};
		3F71A5B420A02FB100D05FE0 /* PBXTargetDependency */ = {
			isa = PBXTargetDependency;
			target = 3F71A59220A02FB000D05FE0 /* MobileAppsIOSWerkstuk */;
			targetProxy = 3F71A5B320A02FB100D05FE0 /* PBXContainerItemProxy */;
		};
/* End PBXTargetDependency section */

/* Begin PBXVariantGroup section */
		3F71A59A20A02FB000D05FE0 /* Main.storyboard */ = {
			isa = PBXVariantGroup;
			children = (
				3F71A59B20A02FB000D05FE0 /* Base */,
			);
			name = Main.storyboard;
			sourceTree = "<group>";
		};
		3F71A59F20A02FB000D05FE0 /* LaunchScreen.storyboard */ = {
			isa = PBXVariantGroup;
			children = (
				3F71A5A020A02FB000D05FE0 /* Base */,
			);
			name = LaunchScreen.storyboard;
			sourceTree = "<group>";
		};
/* End PBXVariantGroup section */

/* Begin XCBuildConfiguration section */
		3F71A5B920A02FB100D05FE0 /* Debug */ = {
			isa = XCBuildConfiguration;
			buildSettings = {
				ALWAYS_SEARCH_USER_PATHS = NO;
				CLANG_ANALYZER_NONNULL = YES;
				CLANG_ANALYZER_NUMBER_OBJECT_CONVERSION = YES_AGGRESSIVE;
				CLANG_CXX_LANGUAGE_STANDARD = "gnu++14";
				CLANG_CXX_LIBRARY = "libc++";
				CLANG_ENABLE_MODULES = YES;
				CLANG_ENABLE_OBJC_ARC = YES;
				CLANG_WARN_BLOCK_CAPTURE_AUTORELEASING = YES;
				CLANG_WARN_BOOL_CONVERSION = YES;
				CLANG_WARN_COMMA = YES;
				CLANG_WARN_CONSTANT_CONVERSION = YES;
				CLANG_WARN_DIRECT_OBJC_ISA_USAGE = YES_ERROR;
				CLANG_WARN_DOCUMENTATION_COMMENTS = YES;
				CLANG_WARN_EMPTY_BODY = YES;
				CLANG_WARN_ENUM_CONVERSION = YES;
				CLANG_WARN_INFINITE_RECURSION = YES;
				CLANG_WARN_INT_CONVERSION = YES;
				CLANG_WARN_NON_LITERAL_NULL_CONVERSION = YES;
				CLANG_WARN_OBJC_LITERAL_CONVERSION = YES;
				CLANG_WARN_OBJC_ROOT_CLASS = YES_ERROR;
				CLANG_WARN_RANGE_LOOP_ANALYSIS = YES;
				CLANG_WARN_STRICT_PROTOTYPES = YES;
				CLANG_WARN_SUSPICIOUS_MOVE = YES;
				CLANG_WARN_UNGUARDED_AVAILABILITY = YES_AGGRESSIVE;
				CLANG_WARN_UNREACHABLE_CODE = YES;
				CLANG_WARN__DUPLICATE_METHOD_MATCH = YES;
				CODE_SIGN_IDENTITY = "iPhone Developer";
				COPY_PHASE_STRIP = NO;
				DEBUG_INFORMATION_FORMAT = dwarf;
				ENABLE_STRICT_OBJC_MSGSEND = YES;
				ENABLE_TESTABILITY = YES;
				GCC_C_LANGUAGE_STANDARD = gnu11;
				GCC_DYNAMIC_NO_PIC = NO;
				GCC_NO_COMMON_BLOCKS = YES;
				GCC_OPTIMIZATION_LEVEL = 0;
				GCC_PREPROCESSOR_DEFINITIONS = (
					"DEBUG=1",
					"$(inherited)",
				);
				GCC_WARN_64_TO_32_BIT_CONVERSION = YES;
				GCC_WARN_ABOUT_RETURN_TYPE = YES_ERROR;
				GCC_WARN_UNDECLARED_SELECTOR = YES;
				GCC_WARN_UNINITIALIZED_AUTOS = YES_AGGRESSIVE;
				GCC_WARN_UNUSED_FUNCTION = YES;
				GCC_WARN_UNUSED_VARIABLE = YES;
				IPHONEOS_DEPLOYMENT_TARGET = 11.2;
				MTL_ENABLE_DEBUG_INFO = YES;
				ONLY_ACTIVE_ARCH = YES;
				SDKROOT = iphoneos;
				SWIFT_ACTIVE_COMPILATION_CONDITIONS = DEBUG;
				SWIFT_OPTIMIZATION_LEVEL = "-Onone";
			};
			name = Debug;
		};
		3F71A5BA20A02FB100D05FE0 /* Release */ = {
			isa = XCBuildConfiguration;
			buildSettings = {
				ALWAYS_SEARCH_USER_PATHS = NO;
				CLANG_ANALYZER_NONNULL = YES;
				CLANG_ANALYZER_NUMBER_OBJECT_CONVERSION = YES_AGGRESSIVE;
				CLANG_CXX_LANGUAGE_STANDARD = "gnu++14";
				CLANG_CXX_LIBRARY = "libc++";
				CLANG_ENABLE_MODULES = YES;
				CLANG_ENABLE_OBJC_ARC = YES;
				CLANG_WARN_BLOCK_CAPTURE_AUTORELEASING = YES;
				CLANG_WARN_BOOL_CONVERSION = YES;
				CLANG_WARN_COMMA = YES;
				CLANG_WARN_CONSTANT_CONVERSION = YES;
				CLANG_WARN_DIRECT_OBJC_ISA_USAGE = YES_ERROR;
				CLANG_WARN_DOCUMENTATION_COMMENTS = YES;
				CLANG_WARN_EMPTY_BODY = YES;
				CLANG_WARN_ENUM_CONVERSION = YES;
				CLANG_WARN_INFINITE_RECURSION = YES;
				CLANG_WARN_INT_CONVERSION = YES;
				CLANG_WARN_NON_LITERAL_NULL_CONVERSION = YES;
				CLANG_WARN_OBJC_LITERAL_CONVERSION = YES;
				CLANG_WARN_OBJC_ROOT_CLASS = YES_ERROR;
				CLANG_WARN_RANGE_LOOP_ANALYSIS = YES;
				CLANG_WARN_STRICT_PROTOTYPES = YES;
				CLANG_WARN_SUSPICIOUS_MOVE = YES;
				CLANG_WARN_UNGUARDED_AVAILABILITY = YES_AGGRESSIVE;
				CLANG_WARN_UNREACHABLE_CODE = YES;
				CLANG_WARN__DUPLICATE_METHOD_MATCH = YES;
				CODE_SIGN_IDENTITY = "iPhone Developer";
				COPY_PHASE_STRIP = NO;
				DEBUG_INFORMATION_FORMAT = "dwarf-with-dsym";
				ENABLE_NS_ASSERTIONS = NO;
				ENABLE_STRICT_OBJC_MSGSEND = YES;
				GCC_C_LANGUAGE_STANDARD = gnu11;
				GCC_NO_COMMON_BLOCKS = YES;
				GCC_WARN_64_TO_32_BIT_CONVERSION = YES;
				GCC_WARN_ABOUT_RETURN_TYPE = YES_ERROR;
				GCC_WARN_UNDECLARED_SELECTOR = YES;
				GCC_WARN_UNINITIALIZED_AUTOS = YES_AGGRESSIVE;
				GCC_WARN_UNUSED_FUNCTION = YES;
				GCC_WARN_UNUSED_VARIABLE = YES;
				IPHONEOS_DEPLOYMENT_TARGET = 11.2;
				MTL_ENABLE_DEBUG_INFO = NO;
				SDKROOT = iphoneos;
				SWIFT_OPTIMIZATION_LEVEL = "-Owholemodule";
				VALIDATE_PRODUCT = YES;
			};
			name = Release;
		};
		3F71A5BC20A02FB100D05FE0 /* Debug */ = {
			isa = XCBuildConfiguration;
			buildSettings = {
				ASSETCATALOG_COMPILER_APPICON_NAME = AppIcon;
				CODE_SIGN_STYLE = Automatic;
				INFOPLIST_FILE = MobileAppsIOSWerkstuk/Info.plist;
				LD_RUNPATH_SEARCH_PATHS = "$(inherited) @executable_path/Frameworks";
				PRODUCT_BUNDLE_IDENTIFIER = EHB.MobileAppsIOSWerkstuk;
				PRODUCT_NAME = "$(TARGET_NAME)";
				SWIFT_VERSION = 4.0;
				TARGETED_DEVICE_FAMILY = "1,2";
			};
			name = Debug;
		};
		3F71A5BD20A02FB100D05FE0 /* Release */ = {
			isa = XCBuildConfiguration;
			buildSettings = {
				ASSETCATALOG_COMPILER_APPICON_NAME = AppIcon;
				CODE_SIGN_STYLE = Automatic;
				INFOPLIST_FILE = MobileAppsIOSWerkstuk/Info.plist;
				LD_RUNPATH_SEARCH_PATHS = "$(inherited) @executable_path/Frameworks";
				PRODUCT_BUNDLE_IDENTIFIER = EHB.MobileAppsIOSWerkstuk;
				PRODUCT_NAME = "$(TARGET_NAME)";
				SWIFT_VERSION = 4.0;
				TARGETED_DEVICE_FAMILY = "1,2";
			};
			name = Release;
		};
		3F71A5BF20A02FB100D05FE0 /* Debug */ = {
			isa = XCBuildConfiguration;
			buildSettings = {
				ALWAYS_EMBED_SWIFT_STANDARD_LIBRARIES = YES;
				BUNDLE_LOADER = "$(TEST_HOST)";
				CODE_SIGN_STYLE = Automatic;
				INFOPLIST_FILE = MobileAppsIOSWerkstukTests/Info.plist;
				LD_RUNPATH_SEARCH_PATHS = "$(inherited) @executable_path/Frameworks @loader_path/Frameworks";
				PRODUCT_BUNDLE_IDENTIFIER = EHB.MobileAppsIOSWerkstukTests;
				PRODUCT_NAME = "$(TARGET_NAME)";
				SWIFT_VERSION = 4.0;
				TARGETED_DEVICE_FAMILY = "1,2";
				TEST_HOST = "$(BUILT_PRODUCTS_DIR)/MobileAppsIOSWerkstuk.app/MobileAppsIOSWerkstuk";
			};
			name = Debug;
		};
		3F71A5C020A02FB100D05FE0 /* Release */ = {
			isa = XCBuildConfiguration;
			buildSettings = {
				ALWAYS_EMBED_SWIFT_STANDARD_LIBRARIES = YES;
				BUNDLE_LOADER = "$(TEST_HOST)";
				CODE_SIGN_STYLE = Automatic;
				INFOPLIST_FILE = MobileAppsIOSWerkstukTests/Info.plist;
				LD_RUNPATH_SEARCH_PATHS = "$(inherited) @executable_path/Frameworks @loader_path/Frameworks";
				PRODUCT_BUNDLE_IDENTIFIER = EHB.MobileAppsIOSWerkstukTests;
				PRODUCT_NAME = "$(TARGET_NAME)";
				SWIFT_VERSION = 4.0;
				TARGETED_DEVICE_FAMILY = "1,2";
				TEST_HOST = "$(BUILT_PRODUCTS_DIR)/MobileAppsIOSWerkstuk.app/MobileAppsIOSWerkstuk";
			};
			name = Release;
		};
		3F71A5C220A02FB100D05FE0 /* Debug */ = {
			isa = XCBuildConfiguration;
			buildSettings = {
				ALWAYS_EMBED_SWIFT_STANDARD_LIBRARIES = YES;
				CODE_SIGN_STYLE = Automatic;
				INFOPLIST_FILE = MobileAppsIOSWerkstukUITests/Info.plist;
				LD_RUNPATH_SEARCH_PATHS = "$(inherited) @executable_path/Frameworks @loader_path/Frameworks";
				PRODUCT_BUNDLE_IDENTIFIER = EHB.MobileAppsIOSWerkstukUITests;
				PRODUCT_NAME = "$(TARGET_NAME)";
				SWIFT_VERSION = 4.0;
				TARGETED_DEVICE_FAMILY = "1,2";
				TEST_TARGET_NAME = MobileAppsIOSWerkstuk;
			};
			name = Debug;
		};
		3F71A5C320A02FB100D05FE0 /* Release */ = {
			isa = XCBuildConfiguration;
			buildSettings = {
				ALWAYS_EMBED_SWIFT_STANDARD_LIBRARIES = YES;
				CODE_SIGN_STYLE = Automatic;
				INFOPLIST_FILE = MobileAppsIOSWerkstukUITests/Info.plist;
				LD_RUNPATH_SEARCH_PATHS = "$(inherited) @executable_path/Frameworks @loader_path/Frameworks";
				PRODUCT_BUNDLE_IDENTIFIER = EHB.MobileAppsIOSWerkstukUITests;
				PRODUCT_NAME = "$(TARGET_NAME)";
				SWIFT_VERSION = 4.0;
				TARGETED_DEVICE_FAMILY = "1,2";
				TEST_TARGET_NAME = MobileAppsIOSWerkstuk;
			};
			name = Release;
		};
/* End XCBuildConfiguration section */

/* Begin XCConfigurationList section */
		3F71A58E20A02FB000D05FE0 /* Build configuration list for PBXProject "MobileAppsIOSWerkstuk" */ = {
			isa = XCConfigurationList;
			buildConfigurations = (
				3F71A5B920A02FB100D05FE0 /* Debug */,
				3F71A5BA20A02FB100D05FE0 /* Release */,
			);
			defaultConfigurationIsVisible = 0;
			defaultConfigurationName = Release;
		};
		3F71A5BB20A02FB100D05FE0 /* Build configuration list for PBXNativeTarget "MobileAppsIOSWerkstuk" */ = {
			isa = XCConfigurationList;
			buildConfigurations = (
				3F71A5BC20A02FB100D05FE0 /* Debug */,
				3F71A5BD20A02FB100D05FE0 /* Release */,
			);
			defaultConfigurationIsVisible = 0;
			defaultConfigurationName = Release;
		};
		3F71A5BE20A02FB100D05FE0 /* Build configuration list for PBXNativeTarget "MobileAppsIOSWerkstukTests" */ = {
			isa = XCConfigurationList;
			buildConfigurations = (
				3F71A5BF20A02FB100D05FE0 /* Debug */,
				3F71A5C020A02FB100D05FE0 /* Release */,
			);
			defaultConfigurationIsVisible = 0;
			defaultConfigurationName = Release;
		};
		3F71A5C120A02FB100D05FE0 /* Build configuration list for PBXNativeTarget "MobileAppsIOSWerkstukUITests" */ = {
			isa = XCConfigurationList;
			buildConfigurations = (
				3F71A5C220A02FB100D05FE0 /* Debug */,
				3F71A5C320A02FB100D05FE0 /* Release */,
			);
			defaultConfigurationIsVisible = 0;
			defaultConfigurationName = Release;
		};
/* End XCConfigurationList section */
	};
	rootObject = 3F71A58B20A02FB000D05FE0 /* Project object */;
}
